{
  "version": 4,
  "terraform_version": "1.0.7",
  "serial": 239,
  "lineage": "c49e51ee-2731-8693-cbc3-5bc010fa46fa",
  "outputs": {},
  "resources": [
    {
      "mode": "data",
      "type": "http",
      "name": "myip",
      "provider": "provider[\"registry.terraform.io/hashicorp/http\"]",
      "instances": [
        {
          "schema_version": 0,
          "attributes": {
            "body": "70.185.26.242\n",
            "id": "http://ipv4.icanhazip.com",
            "request_headers": null,
            "response_headers": {
              "Access-Control-Allow-Methods": "GET",
              "Access-Control-Allow-Origin": "*",
              "Alt-Svc": "h3=\":443\"; ma=86400, h3-29=\":443\"; ma=86400, h3-28=\":443\"; ma=86400, h3-27=\":443\"; ma=86400",
              "Cf-Ray": "695a633f4ef863c6-ATL",
              "Connection": "keep-alive",
              "Content-Length": "14",
              "Content-Type": "text/plain",
              "Date": "Tue, 28 Sep 2021 04:56:52 GMT",
              "Server": "cloudflare",
              "Set-Cookie": "__cf_bm=0UV1NsDBKz.5PJ9hcDUwUSEW7iW1sUOvp4o2N9lh.UE-1632805012-0-ARh01oyLLuJMncWHpYZzqp8Z3//ayZEXoPypOd9bqu2f3WiODyi1qnVxwrqDNZynKo0rZ/CN7KiK+IQbMsLxZTU=; path=/; expires=Tue, 28-Sep-21 05:26:52 GMT; domain=.icanhazip.com; HttpOnly; SameSite=None",
              "Vary": "Accept-Encoding"
            },
            "url": "http://ipv4.icanhazip.com"
          },
          "sensitive_attributes": []
        }
      ]
    },
    {
      "mode": "managed",
      "type": "azurerm_availability_set",
      "name": "RedTeam_AS",
      "provider": "provider[\"registry.terraform.io/hashicorp/azurerm\"]",
      "instances": [
        {
          "schema_version": 0,
          "attributes": {
            "id": "/subscriptions/32d1135e-0c80-48f2-8f0f-f1856523c9db/resourceGroups/RedTeam_RG/providers/Microsoft.Compute/availabilitySets/RedTeam_AS",
            "location": "eastus",
            "managed": true,
            "name": "RedTeam_AS",
            "platform_fault_domain_count": 3,
            "platform_update_domain_count": 5,
            "proximity_placement_group_id": null,
            "resource_group_name": "RedTeam_RG",
            "tags": {},
            "timeouts": null
          },
          "sensitive_attributes": [],
          "private": "eyJlMmJmYjczMC1lY2FhLTExZTYtOGY4OC0zNDM2M2JjN2M0YzAiOnsiY3JlYXRlIjoxODAwMDAwMDAwMDAwLCJkZWxldGUiOjE4MDAwMDAwMDAwMDAsInJlYWQiOjMwMDAwMDAwMDAwMCwidXBkYXRlIjoxODAwMDAwMDAwMDAwfX0=",
          "dependencies": [
            "azurerm_resource_group.RedTeam_RG"
          ]
        }
      ]
    },
    {
      "mode": "managed",
      "type": "azurerm_linux_virtual_machine",
      "name": "JumpBox",
      "provider": "provider[\"registry.terraform.io/hashicorp/azurerm\"]",
      "instances": [
        {
          "schema_version": 0,
          "attributes": {
            "additional_capabilities": [],
            "admin_password": null,
            "admin_ssh_key": [
              {
                "public_key": "ssh-rsa AAAAB3NzaC1yc2EAAAADAQABAAABgQCibVu62RkdjWAuD65Ij7gFCJJkqxrxNdzeGpcUA3odjQUdwfd92YZRYjCuZ19TBYtzTObsUFOaRNkaZQ+k2hh9YKxwie1gZvzSZwZrtFcPV2bcZVvV9ffgto6js5iZc4xMOngKxdh6FdU+L9UgGgitDwLxFUoR3xPNiXVAZTyqwK2rBeb0LIg9Pe8Va9ue5S1QLdrk7SH+b5j/Mge7X/EH3SniiRuEy4PDeleEND3k4aSK3sZ2tHMKIbUy7+IMMrFM+BBB4cDJHHUJz8b4gNkVoCPDkwb+64lUw74JQhSz5PrhK7gK16cjueBMTFO0QGCdrhK4c8NWfE9bbRVPEPJiLce5/Mm22SAsIaVkKsqH9QBA1IMxK5oYEzEFzO5iYdIL1uefj3DpvXi/ZPXVEb40lx0EMmeLwYtNVixfltS3juitlb5NmhUjE2aozn+lzFaFVvNIbFId/FQrKfdPyQTLqKCRsWytegFv4zSCoAFHa6Ljugd4KE7LDJS2+JDcmdk= aRustyDev@BIG-TOWER\n",
                "username": "adminuser"
              }
            ],
            "admin_username": "adminuser",
            "allow_extension_operations": true,
            "availability_set_id": "",
            "boot_diagnostics": [],
            "computer_name": "JumpBox",
            "custom_data": null,
            "dedicated_host_id": "",
            "disable_password_authentication": true,
            "encryption_at_host_enabled": false,
            "eviction_policy": "",
            "extensions_time_budget": "PT1H30M",
            "id": "/subscriptions/32d1135e-0c80-48f2-8f0f-f1856523c9db/resourceGroups/RedTeam_RG/providers/Microsoft.Compute/virtualMachines/JumpBox",
            "identity": [],
            "location": "eastus",
            "max_bid_price": -1,
            "name": "JumpBox",
            "network_interface_ids": [
              "/subscriptions/32d1135e-0c80-48f2-8f0f-f1856523c9db/resourceGroups/RedTeam_RG/providers/Microsoft.Network/networkInterfaces/RedTeam_NIC_1"
            ],
            "os_disk": [
              {
                "caching": "ReadWrite",
                "diff_disk_settings": [],
                "disk_encryption_set_id": "",
                "disk_size_gb": 30,
                "name": "JumpBox_OsDisk_1_1a04eb640ac74d4a8407c76f1ce40749",
                "storage_account_type": "Standard_LRS",
                "write_accelerator_enabled": false
              }
            ],
            "plan": [],
            "priority": "Regular",
            "private_ip_address": "10.0.2.5",
            "private_ip_addresses": [
              "10.0.2.5"
            ],
            "provision_vm_agent": true,
            "proximity_placement_group_id": "",
            "public_ip_address": "40.87.40.54",
            "public_ip_addresses": [
              "40.87.40.54"
            ],
            "resource_group_name": "RedTeam_RG",
            "secret": [],
            "size": "Standard_F2",
            "source_image_id": "",
            "source_image_reference": [
              {
                "offer": "UbuntuServer",
                "publisher": "Canonical",
                "sku": "16.04-LTS",
                "version": "latest"
              }
            ],
            "tags": {},
            "timeouts": null,
            "virtual_machine_id": "37906ed4-1355-423c-92c8-5fe88b988dfd",
            "virtual_machine_scale_set_id": "",
            "zone": ""
          },
          "sensitive_attributes": [],
          "private": "eyJlMmJmYjczMC1lY2FhLTExZTYtOGY4OC0zNDM2M2JjN2M0YzAiOnsiY3JlYXRlIjoyNzAwMDAwMDAwMDAwLCJkZWxldGUiOjI3MDAwMDAwMDAwMDAsInJlYWQiOjMwMDAwMDAwMDAwMCwidXBkYXRlIjoyNzAwMDAwMDAwMDAwfX0=",
          "dependencies": [
            "azurerm_virtual_network.RedTeam_Network",
            "azurerm_network_interface.RedTeam_NIC_1",
            "azurerm_public_ip.RedTeam_JumpBox_IP",
            "azurerm_resource_group.RedTeam_RG",
            "azurerm_ssh_public_key.RedTeam_SSH_jump",
            "azurerm_subnet.RedTeam_Subnet"
          ]
        }
      ]
    },
    {
      "mode": "managed",
      "type": "azurerm_linux_virtual_machine",
      "name": "web1",
      "provider": "provider[\"registry.terraform.io/hashicorp/azurerm\"]",
      "instances": [
        {
          "schema_version": 0,
          "attributes": {
            "additional_capabilities": [],
            "admin_password": null,
            "admin_ssh_key": [
              {
                "public_key": "ssh-rsa AAAAB3NzaC1yc2EAAAADAQABAAABgQCibVu62RkdjWAuD65Ij7gFCJJkqxrxNdzeGpcUA3odjQUdwfd92YZRYjCuZ19TBYtzTObsUFOaRNkaZQ+k2hh9YKxwie1gZvzSZwZrtFcPV2bcZVvV9ffgto6js5iZc4xMOngKxdh6FdU+L9UgGgitDwLxFUoR3xPNiXVAZTyqwK2rBeb0LIg9Pe8Va9ue5S1QLdrk7SH+b5j/Mge7X/EH3SniiRuEy4PDeleEND3k4aSK3sZ2tHMKIbUy7+IMMrFM+BBB4cDJHHUJz8b4gNkVoCPDkwb+64lUw74JQhSz5PrhK7gK16cjueBMTFO0QGCdrhK4c8NWfE9bbRVPEPJiLce5/Mm22SAsIaVkKsqH9QBA1IMxK5oYEzEFzO5iYdIL1uefj3DpvXi/ZPXVEb40lx0EMmeLwYtNVixfltS3juitlb5NmhUjE2aozn+lzFaFVvNIbFId/FQrKfdPyQTLqKCRsWytegFv4zSCoAFHa6Ljugd4KE7LDJS2+JDcmdk= aRustyDev@BIG-TOWER\n",
                "username": "adminuser"
              }
            ],
            "admin_username": "adminuser",
            "allow_extension_operations": true,
            "availability_set_id": "",
            "boot_diagnostics": [],
            "computer_name": "Web-1",
            "custom_data": null,
            "dedicated_host_id": "",
            "disable_password_authentication": true,
            "encryption_at_host_enabled": false,
            "eviction_policy": "",
            "extensions_time_budget": "PT1H30M",
            "id": "/subscriptions/32d1135e-0c80-48f2-8f0f-f1856523c9db/resourceGroups/RedTeam_RG/providers/Microsoft.Compute/virtualMachines/Web-1",
            "identity": [],
            "location": "eastus",
            "max_bid_price": -1,
            "name": "Web-1",
            "network_interface_ids": [
              "/subscriptions/32d1135e-0c80-48f2-8f0f-f1856523c9db/resourceGroups/RedTeam_RG/providers/Microsoft.Network/networkInterfaces/RedTeam_NIC_2"
            ],
            "os_disk": [
              {
                "caching": "ReadWrite",
                "diff_disk_settings": [],
                "disk_encryption_set_id": "",
                "disk_size_gb": 30,
                "name": "Web-1_OsDisk_1_a85b8daecde74918a6ad396adfdf5572",
                "storage_account_type": "Standard_LRS",
                "write_accelerator_enabled": false
              }
            ],
            "plan": [],
            "priority": "Regular",
            "private_ip_address": "10.0.2.6",
            "private_ip_addresses": [
              "10.0.2.6"
            ],
            "provision_vm_agent": true,
            "proximity_placement_group_id": "",
            "public_ip_address": "",
            "public_ip_addresses": [],
            "resource_group_name": "RedTeam_RG",
            "secret": [],
            "size": "Standard_F2",
            "source_image_id": "",
            "source_image_reference": [
              {
                "offer": "UbuntuServer",
                "publisher": "Canonical",
                "sku": "16.04-LTS",
                "version": "latest"
              }
            ],
            "tags": {},
            "timeouts": null,
            "virtual_machine_id": "e486c679-ecc7-4be1-86e9-be3c0320a866",
            "virtual_machine_scale_set_id": "",
            "zone": ""
          },
          "sensitive_attributes": [],
          "private": "eyJlMmJmYjczMC1lY2FhLTExZTYtOGY4OC0zNDM2M2JjN2M0YzAiOnsiY3JlYXRlIjoyNzAwMDAwMDAwMDAwLCJkZWxldGUiOjI3MDAwMDAwMDAwMDAsInJlYWQiOjMwMDAwMDAwMDAwMCwidXBkYXRlIjoyNzAwMDAwMDAwMDAwfX0=",
          "dependencies": [
            "azurerm_ssh_public_key.RedTeam_SSH_jump",
            "azurerm_subnet.RedTeam_Subnet",
            "azurerm_virtual_network.RedTeam_Network",
            "azurerm_network_interface.RedTeam_NIC_2",
            "azurerm_resource_group.RedTeam_RG"
          ]
        }
      ]
    },
    {
      "mode": "managed",
      "type": "azurerm_linux_virtual_machine",
      "name": "web2",
      "provider": "provider[\"registry.terraform.io/hashicorp/azurerm\"]",
      "instances": [
        {
          "schema_version": 0,
          "attributes": {
            "additional_capabilities": [],
            "admin_password": null,
            "admin_ssh_key": [
              {
                "public_key": "ssh-rsa AAAAB3NzaC1yc2EAAAADAQABAAABgQCibVu62RkdjWAuD65Ij7gFCJJkqxrxNdzeGpcUA3odjQUdwfd92YZRYjCuZ19TBYtzTObsUFOaRNkaZQ+k2hh9YKxwie1gZvzSZwZrtFcPV2bcZVvV9ffgto6js5iZc4xMOngKxdh6FdU+L9UgGgitDwLxFUoR3xPNiXVAZTyqwK2rBeb0LIg9Pe8Va9ue5S1QLdrk7SH+b5j/Mge7X/EH3SniiRuEy4PDeleEND3k4aSK3sZ2tHMKIbUy7+IMMrFM+BBB4cDJHHUJz8b4gNkVoCPDkwb+64lUw74JQhSz5PrhK7gK16cjueBMTFO0QGCdrhK4c8NWfE9bbRVPEPJiLce5/Mm22SAsIaVkKsqH9QBA1IMxK5oYEzEFzO5iYdIL1uefj3DpvXi/ZPXVEb40lx0EMmeLwYtNVixfltS3juitlb5NmhUjE2aozn+lzFaFVvNIbFId/FQrKfdPyQTLqKCRsWytegFv4zSCoAFHa6Ljugd4KE7LDJS2+JDcmdk= aRustyDev@BIG-TOWER\n",
                "username": "adminuser"
              }
            ],
            "admin_username": "adminuser",
            "allow_extension_operations": true,
            "availability_set_id": "",
            "boot_diagnostics": [],
            "computer_name": "Web-2",
            "custom_data": null,
            "dedicated_host_id": "",
            "disable_password_authentication": true,
            "encryption_at_host_enabled": false,
            "eviction_policy": "",
            "extensions_time_budget": "PT1H30M",
            "id": "/subscriptions/32d1135e-0c80-48f2-8f0f-f1856523c9db/resourceGroups/RedTeam_RG/providers/Microsoft.Compute/virtualMachines/Web-2",
            "identity": [],
            "location": "eastus",
            "max_bid_price": -1,
            "name": "Web-2",
            "network_interface_ids": [
              "/subscriptions/32d1135e-0c80-48f2-8f0f-f1856523c9db/resourceGroups/RedTeam_RG/providers/Microsoft.Network/networkInterfaces/RedTeam_NIC_3"
            ],
            "os_disk": [
              {
                "caching": "ReadWrite",
                "diff_disk_settings": [],
                "disk_encryption_set_id": "",
                "disk_size_gb": 30,
                "name": "Web-2_OsDisk_1_52f9db17bd9a4247bad09b8b5cedf10c",
                "storage_account_type": "Standard_LRS",
                "write_accelerator_enabled": false
              }
            ],
            "plan": [],
            "priority": "Regular",
            "private_ip_address": "10.0.2.4",
            "private_ip_addresses": [
              "10.0.2.4"
            ],
            "provision_vm_agent": true,
            "proximity_placement_group_id": "",
            "public_ip_address": "",
            "public_ip_addresses": [],
            "resource_group_name": "RedTeam_RG",
            "secret": [],
            "size": "Standard_F2",
            "source_image_id": "",
            "source_image_reference": [
              {
                "offer": "UbuntuServer",
                "publisher": "Canonical",
                "sku": "16.04-LTS",
                "version": "latest"
              }
            ],
            "tags": {},
            "timeouts": null,
            "virtual_machine_id": "94d81401-49be-45ce-bbe7-808ce65b6c51",
            "virtual_machine_scale_set_id": "",
            "zone": ""
          },
          "sensitive_attributes": [],
          "private": "eyJlMmJmYjczMC1lY2FhLTExZTYtOGY4OC0zNDM2M2JjN2M0YzAiOnsiY3JlYXRlIjoyNzAwMDAwMDAwMDAwLCJkZWxldGUiOjI3MDAwMDAwMDAwMDAsInJlYWQiOjMwMDAwMDAwMDAwMCwidXBkYXRlIjoyNzAwMDAwMDAwMDAwfX0=",
          "dependencies": [
            "azurerm_ssh_public_key.RedTeam_SSH_jump",
            "azurerm_subnet.RedTeam_Subnet",
            "azurerm_virtual_network.RedTeam_Network",
            "azurerm_network_interface.RedTeam_NIC_3",
            "azurerm_resource_group.RedTeam_RG"
          ]
        }
      ]
    },
    {
      "mode": "managed",
      "type": "azurerm_network_interface",
      "name": "RedTeam_NIC_1",
      "provider": "provider[\"registry.terraform.io/hashicorp/azurerm\"]",
      "instances": [
        {
          "schema_version": 0,
          "attributes": {
            "applied_dns_servers": [],
            "dns_servers": [],
            "enable_accelerated_networking": false,
            "enable_ip_forwarding": false,
            "id": "/subscriptions/32d1135e-0c80-48f2-8f0f-f1856523c9db/resourceGroups/RedTeam_RG/providers/Microsoft.Network/networkInterfaces/RedTeam_NIC_1",
            "internal_dns_name_label": "",
            "internal_domain_name_suffix": "dt4gl5ubwebexe1rzvrwv15qxb.bx.internal.cloudapp.net",
            "ip_configuration": [
              {
                "name": "External",
                "primary": true,
                "private_ip_address": "10.0.2.5",
                "private_ip_address_allocation": "Dynamic",
                "private_ip_address_version": "IPv4",
                "public_ip_address_id": "/subscriptions/32d1135e-0c80-48f2-8f0f-f1856523c9db/resourceGroups/RedTeam_RG/providers/Microsoft.Network/publicIPAddresses/RedTeam_IP",
                "subnet_id": "/subscriptions/32d1135e-0c80-48f2-8f0f-f1856523c9db/resourceGroups/RedTeam_RG/providers/Microsoft.Network/virtualNetworks/RedTeam_Network/subnets/RedTeam_Subnet"
              }
            ],
            "location": "eastus",
            "mac_address": "00-0D-3A-11-B6-5E",
            "name": "RedTeam_NIC_1",
            "private_ip_address": "10.0.2.5",
            "private_ip_addresses": [
              "10.0.2.5"
            ],
            "resource_group_name": "RedTeam_RG",
            "tags": {},
            "timeouts": null,
            "virtual_machine_id": "/subscriptions/32d1135e-0c80-48f2-8f0f-f1856523c9db/resourceGroups/RedTeam_RG/providers/Microsoft.Compute/virtualMachines/JumpBox"
          },
          "sensitive_attributes": [],
          "private": "eyJlMmJmYjczMC1lY2FhLTExZTYtOGY4OC0zNDM2M2JjN2M0YzAiOnsiY3JlYXRlIjoxODAwMDAwMDAwMDAwLCJkZWxldGUiOjE4MDAwMDAwMDAwMDAsInJlYWQiOjMwMDAwMDAwMDAwMCwidXBkYXRlIjoxODAwMDAwMDAwMDAwfX0=",
          "dependencies": [
            "azurerm_public_ip.RedTeam_JumpBox_IP",
            "azurerm_resource_group.RedTeam_RG",
            "azurerm_subnet.RedTeam_Subnet",
            "azurerm_virtual_network.RedTeam_Network"
          ]
        }
      ]
    },
    {
      "mode": "managed",
      "type": "azurerm_network_interface",
      "name": "RedTeam_NIC_2",
      "provider": "provider[\"registry.terraform.io/hashicorp/azurerm\"]",
      "instances": [
        {
          "schema_version": 0,
          "attributes": {
            "applied_dns_servers": [],
            "dns_servers": [],
            "enable_accelerated_networking": false,
            "enable_ip_forwarding": false,
            "id": "/subscriptions/32d1135e-0c80-48f2-8f0f-f1856523c9db/resourceGroups/RedTeam_RG/providers/Microsoft.Network/networkInterfaces/RedTeam_NIC_2",
            "internal_dns_name_label": "",
            "internal_domain_name_suffix": "dt4gl5ubwebexe1rzvrwv15qxb.bx.internal.cloudapp.net",
            "ip_configuration": [
              {
                "name": "internal",
                "primary": true,
                "private_ip_address": "10.0.2.6",
                "private_ip_address_allocation": "Dynamic",
                "private_ip_address_version": "IPv4",
                "public_ip_address_id": "",
                "subnet_id": "/subscriptions/32d1135e-0c80-48f2-8f0f-f1856523c9db/resourceGroups/RedTeam_RG/providers/Microsoft.Network/virtualNetworks/RedTeam_Network/subnets/RedTeam_Subnet"
              }
            ],
            "location": "eastus",
            "mac_address": "00-0D-3A-11-BA-7C",
            "name": "RedTeam_NIC_2",
            "private_ip_address": "10.0.2.6",
            "private_ip_addresses": [
              "10.0.2.6"
            ],
            "resource_group_name": "RedTeam_RG",
            "tags": {},
            "timeouts": null,
            "virtual_machine_id": "/subscriptions/32d1135e-0c80-48f2-8f0f-f1856523c9db/resourceGroups/RedTeam_RG/providers/Microsoft.Compute/virtualMachines/Web-1"
          },
          "sensitive_attributes": [],
          "private": "eyJlMmJmYjczMC1lY2FhLTExZTYtOGY4OC0zNDM2M2JjN2M0YzAiOnsiY3JlYXRlIjoxODAwMDAwMDAwMDAwLCJkZWxldGUiOjE4MDAwMDAwMDAwMDAsInJlYWQiOjMwMDAwMDAwMDAwMCwidXBkYXRlIjoxODAwMDAwMDAwMDAwfX0=",
          "dependencies": [
            "azurerm_resource_group.RedTeam_RG",
            "azurerm_subnet.RedTeam_Subnet",
            "azurerm_virtual_network.RedTeam_Network"
          ]
        }
      ]
    },
    {
      "mode": "managed",
      "type": "azurerm_network_interface",
      "name": "RedTeam_NIC_3",
      "provider": "provider[\"registry.terraform.io/hashicorp/azurerm\"]",
      "instances": [
        {
          "schema_version": 0,
          "attributes": {
            "applied_dns_servers": [],
            "dns_servers": [],
            "enable_accelerated_networking": false,
            "enable_ip_forwarding": false,
            "id": "/subscriptions/32d1135e-0c80-48f2-8f0f-f1856523c9db/resourceGroups/RedTeam_RG/providers/Microsoft.Network/networkInterfaces/RedTeam_NIC_3",
            "internal_dns_name_label": "",
            "internal_domain_name_suffix": "dt4gl5ubwebexe1rzvrwv15qxb.bx.internal.cloudapp.net",
            "ip_configuration": [
              {
                "name": "internal",
                "primary": true,
                "private_ip_address": "10.0.2.4",
                "private_ip_address_allocation": "Dynamic",
                "private_ip_address_version": "IPv4",
                "public_ip_address_id": "",
                "subnet_id": "/subscriptions/32d1135e-0c80-48f2-8f0f-f1856523c9db/resourceGroups/RedTeam_RG/providers/Microsoft.Network/virtualNetworks/RedTeam_Network/subnets/RedTeam_Subnet"
              }
            ],
            "location": "eastus",
            "mac_address": "00-0D-3A-11-BC-81",
            "name": "RedTeam_NIC_3",
            "private_ip_address": "10.0.2.4",
            "private_ip_addresses": [
              "10.0.2.4"
            ],
            "resource_group_name": "RedTeam_RG",
            "tags": {},
            "timeouts": null,
            "virtual_machine_id": "/subscriptions/32d1135e-0c80-48f2-8f0f-f1856523c9db/resourceGroups/RedTeam_RG/providers/Microsoft.Compute/virtualMachines/Web-2"
          },
          "sensitive_attributes": [],
          "private": "eyJlMmJmYjczMC1lY2FhLTExZTYtOGY4OC0zNDM2M2JjN2M0YzAiOnsiY3JlYXRlIjoxODAwMDAwMDAwMDAwLCJkZWxldGUiOjE4MDAwMDAwMDAwMDAsInJlYWQiOjMwMDAwMDAwMDAwMCwidXBkYXRlIjoxODAwMDAwMDAwMDAwfX0=",
          "dependencies": [
            "azurerm_virtual_network.RedTeam_Network",
            "azurerm_resource_group.RedTeam_RG",
            "azurerm_subnet.RedTeam_Subnet"
          ]
        }
      ]
    },
    {
      "mode": "managed",
      "type": "azurerm_network_security_group",
      "name": "RedTeam_NSG",
      "provider": "provider[\"registry.terraform.io/hashicorp/azurerm\"]",
      "instances": [
        {
          "schema_version": 0,
          "attributes": {
            "id": "/subscriptions/32d1135e-0c80-48f2-8f0f-f1856523c9db/resourceGroups/RedTeam_RG/providers/Microsoft.Network/networkSecurityGroups/RedTeam_NSG",
            "location": "eastus",
            "name": "RedTeam_NSG",
            "resource_group_name": "RedTeam_RG",
            "security_rule": [
              {
                "access": "Allow",
                "description": "",
                "destination_address_prefix": "*",
                "destination_address_prefixes": [],
                "destination_application_security_group_ids": [],
                "destination_port_range": "22",
                "destination_port_ranges": [],
                "direction": "Inbound",
                "name": "Allow_SSH_frHome",
                "priority": 100,
                "protocol": "Tcp",
                "source_address_prefix": "70.185.26.242",
                "source_address_prefixes": [],
                "source_application_security_group_ids": [],
                "source_port_range": "*",
                "source_port_ranges": []
              },
              {
                "access": "Allow",
                "description": "",
                "destination_address_prefix": "*",
                "destination_address_prefixes": [],
                "destination_application_security_group_ids": [],
                "destination_port_range": "80",
                "destination_port_ranges": [],
                "direction": "Inbound",
                "name": "Allow_HTTP_frHome",
                "priority": 101,
                "protocol": "Tcp",
                "source_address_prefix": "70.185.26.242",
                "source_address_prefixes": [],
                "source_application_security_group_ids": [],
                "source_port_range": "*",
                "source_port_ranges": []
              },
              {
                "access": "Allow",
                "description": "",
                "destination_address_prefix": "10.0.0.0/16",
                "destination_address_prefixes": [],
                "destination_application_security_group_ids": [],
                "destination_port_range": "*",
                "destination_port_ranges": [],
                "direction": "Inbound",
                "name": "Allow_Mgmt_frHome",
                "priority": 102,
                "protocol": "Tcp",
                "source_address_prefix": "10.0.0.0/16",
                "source_address_prefixes": [],
                "source_application_security_group_ids": [],
                "source_port_range": "*",
                "source_port_ranges": []
              }
            ],
            "tags": null,
            "timeouts": null
          },
          "sensitive_attributes": [],
          "private": "eyJlMmJmYjczMC1lY2FhLTExZTYtOGY4OC0zNDM2M2JjN2M0YzAiOnsiY3JlYXRlIjoxODAwMDAwMDAwMDAwLCJkZWxldGUiOjE4MDAwMDAwMDAwMDAsInJlYWQiOjMwMDAwMDAwMDAwMCwidXBkYXRlIjoxODAwMDAwMDAwMDAwfX0=",
          "dependencies": [
            "azurerm_resource_group.RedTeam_RG",
            "data.http.myip"
          ]
        }
      ]
    },
    {
      "mode": "managed",
      "type": "azurerm_public_ip",
      "name": "RedTeam_JumpBox_IP",
      "provider": "provider[\"registry.terraform.io/hashicorp/azurerm\"]",
      "instances": [
        {
          "schema_version": 0,
          "attributes": {
            "allocation_method": "Static",
            "domain_name_label": null,
            "fqdn": null,
            "id": "/subscriptions/32d1135e-0c80-48f2-8f0f-f1856523c9db/resourceGroups/RedTeam_RG/providers/Microsoft.Network/publicIPAddresses/RedTeam_IP",
            "idle_timeout_in_minutes": 4,
            "ip_address": "40.87.40.54",
            "ip_version": "IPv4",
            "location": "eastus",
            "name": "RedTeam_IP",
            "public_ip_prefix_id": null,
            "resource_group_name": "RedTeam_RG",
            "reverse_fqdn": null,
            "sku": "Basic",
            "tags": {},
            "timeouts": null,
            "zones": []
          },
          "sensitive_attributes": [],
          "private": "eyJlMmJmYjczMC1lY2FhLTExZTYtOGY4OC0zNDM2M2JjN2M0YzAiOnsiY3JlYXRlIjoxODAwMDAwMDAwMDAwLCJkZWxldGUiOjE4MDAwMDAwMDAwMDAsInJlYWQiOjMwMDAwMDAwMDAwMCwidXBkYXRlIjoxODAwMDAwMDAwMDAwfX0=",
          "dependencies": [
            "azurerm_resource_group.RedTeam_RG"
          ]
        }
      ]
    },
    {
      "mode": "managed",
      "type": "azurerm_resource_group",
      "name": "RedTeam_RG",
      "provider": "provider[\"registry.terraform.io/hashicorp/azurerm\"]",
      "instances": [
        {
          "schema_version": 0,
          "attributes": {
            "id": "/subscriptions/32d1135e-0c80-48f2-8f0f-f1856523c9db/resourceGroups/RedTeam_RG",
            "location": "eastus",
            "name": "RedTeam_RG",
            "tags": {},
            "timeouts": null
          },
          "sensitive_attributes": [],
          "private": "eyJlMmJmYjczMC1lY2FhLTExZTYtOGY4OC0zNDM2M2JjN2M0YzAiOnsiY3JlYXRlIjo1NDAwMDAwMDAwMDAwLCJkZWxldGUiOjU0MDAwMDAwMDAwMDAsInJlYWQiOjMwMDAwMDAwMDAwMCwidXBkYXRlIjo1NDAwMDAwMDAwMDAwfX0="
        }
      ]
    },
    {
      "mode": "managed",
      "type": "azurerm_ssh_public_key",
      "name": "RedTeam_SSH_jump",
      "provider": "provider[\"registry.terraform.io/hashicorp/azurerm\"]",
      "instances": [
        {
          "schema_version": 0,
          "attributes": {
            "id": "/subscriptions/32d1135e-0c80-48f2-8f0f-f1856523c9db/resourceGroups/REDTEAM_RG/providers/Microsoft.Compute/sshPublicKeys/RedTeam-SSH-jump",
            "location": "eastus",
            "name": "RedTeam-SSH-jump",
            "public_key": "ssh-rsa AAAAB3NzaC1yc2EAAAADAQABAAABgQCibVu62RkdjWAuD65Ij7gFCJJkqxrxNdzeGpcUA3odjQUdwfd92YZRYjCuZ19TBYtzTObsUFOaRNkaZQ+k2hh9YKxwie1gZvzSZwZrtFcPV2bcZVvV9ffgto6js5iZc4xMOngKxdh6FdU+L9UgGgitDwLxFUoR3xPNiXVAZTyqwK2rBeb0LIg9Pe8Va9ue5S1QLdrk7SH+b5j/Mge7X/EH3SniiRuEy4PDeleEND3k4aSK3sZ2tHMKIbUy7+IMMrFM+BBB4cDJHHUJz8b4gNkVoCPDkwb+64lUw74JQhSz5PrhK7gK16cjueBMTFO0QGCdrhK4c8NWfE9bbRVPEPJiLce5/Mm22SAsIaVkKsqH9QBA1IMxK5oYEzEFzO5iYdIL1uefj3DpvXi/ZPXVEb40lx0EMmeLwYtNVixfltS3juitlb5NmhUjE2aozn+lzFaFVvNIbFId/FQrKfdPyQTLqKCRsWytegFv4zSCoAFHa6Ljugd4KE7LDJS2+JDcmdk= aRustyDev@BIG-TOWER\n",
            "resource_group_name": "REDTEAM_RG",
            "tags": null,
            "timeouts": null
          },
          "sensitive_attributes": [],
          "private": "eyJlMmJmYjczMC1lY2FhLTExZTYtOGY4OC0zNDM2M2JjN2M0YzAiOnsiY3JlYXRlIjoyNzAwMDAwMDAwMDAwLCJkZWxldGUiOjI3MDAwMDAwMDAwMDAsInJlYWQiOjMwMDAwMDAwMDAwMCwidXBkYXRlIjoyNzAwMDAwMDAwMDAwfX0=",
          "dependencies": [
            "azurerm_resource_group.RedTeam_RG"
          ]
        }
      ]
    },
    {
      "mode": "managed",
      "type": "azurerm_ssh_public_key",
      "name": "RedTeam_SSH_web",
      "provider": "provider[\"registry.terraform.io/hashicorp/azurerm\"]",
      "instances": [
        {
          "schema_version": 0,
          "attributes": {
            "id": "/subscriptions/32d1135e-0c80-48f2-8f0f-f1856523c9db/resourceGroups/REDTEAM_RG/providers/Microsoft.Compute/sshPublicKeys/RedTeam-SSH-web",
            "location": "eastus",
            "name": "RedTeam-SSH-web",
            "public_key": "ssh-rsa AAAAB3NzaC1yc2EAAAADAQABAAABgQCibVu62RkdjWAuD65Ij7gFCJJkqxrxNdzeGpcUA3odjQUdwfd92YZRYjCuZ19TBYtzTObsUFOaRNkaZQ+k2hh9YKxwie1gZvzSZwZrtFcPV2bcZVvV9ffgto6js5iZc4xMOngKxdh6FdU+L9UgGgitDwLxFUoR3xPNiXVAZTyqwK2rBeb0LIg9Pe8Va9ue5S1QLdrk7SH+b5j/Mge7X/EH3SniiRuEy4PDeleEND3k4aSK3sZ2tHMKIbUy7+IMMrFM+BBB4cDJHHUJz8b4gNkVoCPDkwb+64lUw74JQhSz5PrhK7gK16cjueBMTFO0QGCdrhK4c8NWfE9bbRVPEPJiLce5/Mm22SAsIaVkKsqH9QBA1IMxK5oYEzEFzO5iYdIL1uefj3DpvXi/ZPXVEb40lx0EMmeLwYtNVixfltS3juitlb5NmhUjE2aozn+lzFaFVvNIbFId/FQrKfdPyQTLqKCRsWytegFv4zSCoAFHa6Ljugd4KE7LDJS2+JDcmdk= aRustyDev@BIG-TOWER\n",
            "resource_group_name": "REDTEAM_RG",
            "tags": null,
            "timeouts": null
          },
          "sensitive_attributes": [],
          "private": "eyJlMmJmYjczMC1lY2FhLTExZTYtOGY4OC0zNDM2M2JjN2M0YzAiOnsiY3JlYXRlIjoyNzAwMDAwMDAwMDAwLCJkZWxldGUiOjI3MDAwMDAwMDAwMDAsInJlYWQiOjMwMDAwMDAwMDAwMCwidXBkYXRlIjoyNzAwMDAwMDAwMDAwfX0=",
          "dependencies": [
            "azurerm_resource_group.RedTeam_RG"
          ]
        }
      ]
    },
    {
      "mode": "managed",
      "type": "azurerm_subnet",
      "name": "RedTeam_Subnet",
      "provider": "provider[\"registry.terraform.io/hashicorp/azurerm\"]",
      "instances": [
        {
          "schema_version": 0,
          "attributes": {
            "address_prefix": "10.0.2.0/24",
            "address_prefixes": [
              "10.0.2.0/24"
            ],
            "delegation": [],
            "enforce_private_link_endpoint_network_policies": false,
            "enforce_private_link_service_network_policies": false,
            "id": "/subscriptions/32d1135e-0c80-48f2-8f0f-f1856523c9db/resourceGroups/RedTeam_RG/providers/Microsoft.Network/virtualNetworks/RedTeam_Network/subnets/RedTeam_Subnet",
            "name": "RedTeam_Subnet",
            "resource_group_name": "RedTeam_RG",
            "service_endpoint_policy_ids": [],
            "service_endpoints": [],
            "timeouts": null,
            "virtual_network_name": "RedTeam_Network"
          },
          "sensitive_attributes": [],
          "private": "eyJlMmJmYjczMC1lY2FhLTExZTYtOGY4OC0zNDM2M2JjN2M0YzAiOnsiY3JlYXRlIjoxODAwMDAwMDAwMDAwLCJkZWxldGUiOjE4MDAwMDAwMDAwMDAsInJlYWQiOjMwMDAwMDAwMDAwMCwidXBkYXRlIjoxODAwMDAwMDAwMDAwfX0=",
          "dependencies": [
            "azurerm_virtual_network.RedTeam_Network",
            "azurerm_resource_group.RedTeam_RG"
          ]
        }
      ]
    },
    {
      "mode": "managed",
      "type": "azurerm_subnet_network_security_group_association",
      "name": "RedTeam_NSG",
      "provider": "provider[\"registry.terraform.io/hashicorp/azurerm\"]",
      "instances": [
        {
          "schema_version": 0,
          "attributes": {
            "id": "/subscriptions/32d1135e-0c80-48f2-8f0f-f1856523c9db/resourceGroups/RedTeam_RG/providers/Microsoft.Network/virtualNetworks/RedTeam_Network/subnets/RedTeam_Subnet",
            "network_security_group_id": "/subscriptions/32d1135e-0c80-48f2-8f0f-f1856523c9db/resourceGroups/RedTeam_RG/providers/Microsoft.Network/networkSecurityGroups/RedTeam_NSG",
            "subnet_id": "/subscriptions/32d1135e-0c80-48f2-8f0f-f1856523c9db/resourceGroups/RedTeam_RG/providers/Microsoft.Network/virtualNetworks/RedTeam_Network/subnets/RedTeam_Subnet",
            "timeouts": null
          },
          "sensitive_attributes": [],
          "private": "eyJlMmJmYjczMC1lY2FhLTExZTYtOGY4OC0zNDM2M2JjN2M0YzAiOnsiY3JlYXRlIjoxODAwMDAwMDAwMDAwLCJkZWxldGUiOjE4MDAwMDAwMDAwMDAsInJlYWQiOjMwMDAwMDAwMDAwMCwidXBkYXRlIjoxODAwMDAwMDAwMDAwfX0=",
          "dependencies": [
            "azurerm_network_security_group.RedTeam_NSG",
            "azurerm_resource_group.RedTeam_RG",
            "azurerm_subnet.RedTeam_Subnet",
            "data.http.myip"
          ]
        }
      ]
    },
    {
      "mode": "managed",
      "type": "azurerm_virtual_network",
      "name": "RedTeam_Network",
      "provider": "provider[\"registry.terraform.io/hashicorp/azurerm\"]",
      "instances": [
        {
          "schema_version": 0,
          "attributes": {
            "address_space": [
              "10.0.0.0/16"
            ],
            "bgp_community": "",
            "ddos_protection_plan": [],
            "dns_servers": [],
            "guid": "fe65fc1c-b181-4b02-9371-cd636aeff0b9",
            "id": "/subscriptions/32d1135e-0c80-48f2-8f0f-f1856523c9db/resourceGroups/RedTeam_RG/providers/Microsoft.Network/virtualNetworks/RedTeam_Network",
            "location": "eastus",
            "name": "RedTeam_Network",
            "resource_group_name": "RedTeam_RG",
            "subnet": [
              {
                "address_prefix": "10.0.2.0/24",
                "id": "/subscriptions/32d1135e-0c80-48f2-8f0f-f1856523c9db/resourceGroups/RedTeam_RG/providers/Microsoft.Network/virtualNetworks/RedTeam_Network/subnets/RedTeam_Subnet",
                "name": "RedTeam_Subnet",
                "security_group": ""
              }
            ],
            "tags": {},
            "timeouts": null,
            "vm_protection_enabled": false
          },
          "sensitive_attributes": [],
          "private": "eyJlMmJmYjczMC1lY2FhLTExZTYtOGY4OC0zNDM2M2JjN2M0YzAiOnsiY3JlYXRlIjoxODAwMDAwMDAwMDAwLCJkZWxldGUiOjE4MDAwMDAwMDAwMDAsInJlYWQiOjMwMDAwMDAwMDAwMCwidXBkYXRlIjoxODAwMDAwMDAwMDAwfX0=",
          "dependencies": [
            "azurerm_resource_group.RedTeam_RG"
          ]
        }
      ]
    }
  ]
}
